Microsoft Visual Studio Solution File, Format Version 12.00
# Visual Studio Version 17
VisualStudioVersion = 17.5.2.0
MinimumVisualStudioVersion = 10.0.40219.1
Project("{FAE04EC0-301F-11D3-BF4B-00C04F79EFBC}") = "ApiFaculdade", "ApiFaculdade\ApiFaculdade.csproj", "{79328377-93DB-82AC-9212-1D9441AF2D99}"
EndProject
Global
	GlobalSection(SolutionConfigurationPlatforms) = preSolution
		Debug|Any CPU = Debug|Any CPU
		Release|Any CPU = Release|Any CPU
	EndGlobalSection
	GlobalSection(ProjectConfigurationPlatforms) = postSolution
		{79328377-93DB-82AC-9212-1D9441AF2D99}.Debug|Any CPU.ActiveCfg = Debug|Any CPU
		{79328377-93DB-82AC-9212-1D9441AF2D99}.Debug|Any CPU.Build.0 = Debug|Any CPU
		{79328377-93DB-82AC-9212-1D9441AF2D99}.Release|Any CPU.ActiveCfg = Release|Any CPU
		{79328377-93DB-82AC-9212-1D9441AF2D99}.Release|Any CPU.Build.0 = Release|Any CPU
	EndGlobalSection
	GlobalSection(SolutionProperties) = preSolution
		HideSolutionNode = FALSE
	EndGlobalSection
	GlobalSection(ExtensibilityGlobals) = postSolution
		SolutionGuid = {AD07AE5D-CC09-44C3-84B6-550FF8B5BD55}
	EndGlobalSection
EndGlobal
